Microsoft Visual Studio Solution File, Format Version 12.00
# Visual Studio Version 17
VisualStudioVersion = 17.13.35828.75
MinimumVisualStudioVersion = 10.0.40219.1
Project("{FAE04EC0-301F-11D3-BF4B-00C04F79EFBC}") = "UTS PBO_2073_Raditya Fansa Nabiha", "UTS PBO_2073_Raditya Fansa Nabiha\UTS PBO_2073_Raditya Fansa Nabiha.csproj", "{BCE37A71-C402-47BD-949F-3465A0AC6E7C}"
EndProject
Global
	GlobalSection(SolutionConfigurationPlatforms) = preSolution
		Debug|Any CPU = Debug|Any CPU
		Release|Any CPU = Release|Any CPU
	EndGlobalSection
	GlobalSection(ProjectConfigurationPlatforms) = postSolution
		{BCE37A71-C402-47BD-949F-3465A0AC6E7C}.Debug|Any CPU.ActiveCfg = Debug|Any CPU
		{BCE37A71-C402-47BD-949F-3465A0AC6E7C}.Debug|Any CPU.Build.0 = Debug|Any CPU
		{BCE37A71-C402-47BD-949F-3465A0AC6E7C}.Release|Any CPU.ActiveCfg = Release|Any CPU
		{BCE37A71-C402-47BD-949F-3465A0AC6E7C}.Release|Any CPU.Build.0 = Release|Any CPU
	EndGlobalSection
	GlobalSection(SolutionProperties) = preSolution
		HideSolutionNode = FALSE
	EndGlobalSection
	GlobalSection(ExtensibilityGlobals) = postSolution
		SolutionGuid = {63D6AD88-B3C7-4A6D-9ACF-187130FF482D}
	EndGlobalSection
EndGlobal
